<?xml version="1.0" encoding="utf-8"?>
<Project ToolsVersion="4.0" xmlns="http://schemas.microsoft.com/developer/msbuild/2003">
  <ItemGroup>
    <Filter Include="Source Files">
      <UniqueIdentifier>{4FC737F1-C7A5-4376-A066-2A32D752A2FF}</UniqueIdentifier>
      <Extensions>cpp;c;cc;cxx;def;odl;idl;hpj;bat;asm;asmx</Extensions>
    </Filter>
    <Filter Include="Header Files">
      <UniqueIdentifier>{93995380-89BD-4b04-88EB-625FBE52EBFB}</UniqueIdentifier>
      <Extensions>h;hh;hpp;hxx;hm;inl;inc;xsd</Extensions>
    </Filter>
    <Filter Include="Resource Files">
      <UniqueIdentifier>{67DA6AB6-F800-4c08-8B7A-83BB121AAD01}</UniqueIdentifier>
      <Extensions>rc;ico;cur;bmp;dlg;rc2;rct;bin;rgs;gif;jpg;jpeg;jpe;resx;tiff;tif;png;wav;mfcribbon-ms</Extensions>
    </Filter>
  </ItemGroup>
  <ItemGroup>
    <ClCompile Include="libdashframework\Input\MediaObject.cpp">
      <Filter>Source Files</Filter>
    </ClCompile>
    <ClCompile Include="libdashframework\Portable\MultiThreading.cpp">
      <Filter>Source Files</Filter>
    </ClCompile>
    <ClCompile Include="Decoder\LibavDecoder.cpp">
      <Filter>Source Files</Filter>
    </ClCompile>
    <ClCompile Include="libdashframework\MPD\AdaptationSetHelper.cpp">
      <Filter>Source Files</Filter>
    </ClCompile>
    <ClCompile Include="libdashframework\MPD\BaseUrlResolver.cpp">
      <Filter>Source Files</Filter>
    </ClCompile>
    <ClCompile Include="main.cpp">
      <Filter>Source Files</Filter>
    </ClCompile>
    <ClCompile Include="QGLCanvas.cpp">
      <Filter>Source Files</Filter>
    </ClCompile>
    <ClCompile Include="PresencePlayer.cpp">
      <Filter>Source Files</Filter>
    </ClCompile>
    <ClCompile Include="metadataparser.cpp">
      <Filter>Source Files</Filter>
    </ClCompile>
    <ClCompile Include="videodecoderlibav.cpp">
      <Filter>Source Files</Filter>
    </ClCompile>
    <ClCompile Include="StreamingManager.cpp">
      <Filter>Source Files</Filter>
    </ClCompile>
    <ClCompile Include="StreamingProvider.cpp">
      <Filter>Source Files</Filter>
    </ClCompile>
  </ItemGroup>
  <ItemGroup>
    <ClInclude Include="resource.h">
      <Filter>Header Files</Filter>
    </ClInclude>
    <ClInclude Include="libdashframework\Input\MediaObject.h">
      <Filter>Header Files</Filter>
    </ClInclude>
    <ClInclude Include="libdashframework\Portable\MultiThreading.h">
      <Filter>Header Files</Filter>
    </ClInclude>
    <ClInclude Include="Decoder\LibavDecoder.h">
      <Filter>Header Files</Filter>
    </ClInclude>
    <ClInclude Include="libdashframework\MPD\AdaptationSetHelper.h">
      <Filter>Header Files</Filter>
    </ClInclude>
    <ClInclude Include="libdashframework\MPD\BaseUrlResolver.h">
      <Filter>Header Files</Filter>
    </ClInclude>
    <ClInclude Include="QGLCanvas.h">
      <Filter>Header Files</Filter>
    </ClInclude>
    <ClInclude Include="PresencePlayer.h">
      <Filter>Header Files</Filter>
    </ClInclude>
    <ClInclude Include="metadataparser.h">
      <Filter>Header Files</Filter>
    </ClInclude>
    <ClInclude Include="videodecoder.h">
      <Filter>Header Files</Filter>
    </ClInclude>
    <ClInclude Include="videodecoderlibav.h">
      <Filter>Header Files</Filter>
    </ClInclude>
    <ClInclude Include="videodecodermac.h">
      <Filter>Header Files</Filter>
    </ClInclude>
    <ClInclude Include="..\..\..\..\..\work\TiFen\sunny-hauki\PresencePlayer\presenceprovider.h">
      <Filter>Header Files</Filter>
    </ClInclude>
    <ClInclude Include="StreamingManager.h">
      <Filter>Header Files</Filter>
    </ClInclude>
    <ClInclude Include="StreamingProvider.h">
      <Filter>Header Files</Filter>
    </ClInclude>
  </ItemGroup>
  <ItemGroup>
    <ResourceCompile Include="Test.rc">
      <Filter>Resource Files</Filter>
    </ResourceCompile>
  </ItemGroup>
</Project>